
Microsoft Visual Studio Solution File, Format Version 12.00
# Visual Studio Version 16
VisualStudioVersion = 16.0.31624.102
MinimumVisualStudioVersion = 10.0.40219.1
Project("{9A19103F-16F7-4668-BE54-9A1E7A4F7556}") = "FrontendRestaurant", "FrontendRestaurant\FrontendRestaurant.csproj", "{645125F1-6754-461F-987A-F0E92E5B9A98}"
EndProject
Global
	GlobalSection(SolutionConfigurationPlatforms) = preSolution
		Debug|Any CPU = Debug|Any CPU
		Release|Any CPU = Release|Any CPU
	EndGlobalSection
	GlobalSection(ProjectConfigurationPlatforms) = postSolution
		{645125F1-6754-461F-987A-F0E92E5B9A98}.Debug|Any CPU.ActiveCfg = Debug|Any CPU
		{645125F1-6754-461F-987A-F0E92E5B9A98}.Debug|Any CPU.Build.0 = Debug|Any CPU
		{645125F1-6754-461F-987A-F0E92E5B9A98}.Release|Any CPU.ActiveCfg = Release|Any CPU
		{645125F1-6754-461F-987A-F0E92E5B9A98}.Release|Any CPU.Build.0 = Release|Any CPU
	EndGlobalSection
	GlobalSection(SolutionProperties) = preSolution
		HideSolutionNode = FALSE
	EndGlobalSection
	GlobalSection(ExtensibilityGlobals) = postSolution
		SolutionGuid = {B4EA3A1D-EA58-4EE4-925D-97E30CD8F857}
	EndGlobalSection
EndGlobal
